
Microsoft Visual Studio Solution File, Format Version 12.00
# Visual Studio Version 17
Project("{8BC9CEB8-8B4A-11D0-8D11-00A0C91BC942}") = "ALL_BUILD", "ALL_BUILD.vcxproj", "{B411F44D-116F-3575-9160-185F8EDD7A1C}"
	ProjectSection(ProjectDependencies) = postProject
		{7788C2A1-113E-3565-BD3C-19C2DCF6648B} = {7788C2A1-113E-3565-BD3C-19C2DCF6648B}
		{87DEC3FF-8ECF-300D-A104-84290D6BB472} = {87DEC3FF-8ECF-300D-A104-84290D6BB472}
	EndProjectSection
EndProject
Project("{8BC9CEB8-8B4A-11D0-8D11-00A0C91BC942}") = "ZERO_CHECK", "ZERO_CHECK.vcxproj", "{7788C2A1-113E-3565-BD3C-19C2DCF6648B}"
	ProjectSection(ProjectDependencies) = postProject
	EndProjectSection
EndProject
Project("{8BC9CEB8-8B4A-11D0-8D11-00A0C91BC942}") = "fmi_test_1", "fmi_test_1.vcxproj", "{87DEC3FF-8ECF-300D-A104-84290D6BB472}"
	ProjectSection(ProjectDependencies) = postProject
		{7788C2A1-113E-3565-BD3C-19C2DCF6648B} = {7788C2A1-113E-3565-BD3C-19C2DCF6648B}
	EndProjectSection
EndProject
Global
	GlobalSection(SolutionConfigurationPlatforms) = preSolution
		Debug|x64 = Debug|x64
		Release|x64 = Release|x64
	EndGlobalSection
	GlobalSection(ProjectConfigurationPlatforms) = postSolution
		{B411F44D-116F-3575-9160-185F8EDD7A1C}.Debug|x64.ActiveCfg = Debug|x64
		{B411F44D-116F-3575-9160-185F8EDD7A1C}.Release|x64.ActiveCfg = Release|x64
		{7788C2A1-113E-3565-BD3C-19C2DCF6648B}.Debug|x64.ActiveCfg = Debug|x64
		{7788C2A1-113E-3565-BD3C-19C2DCF6648B}.Debug|x64.Build.0 = Debug|x64
		{7788C2A1-113E-3565-BD3C-19C2DCF6648B}.Release|x64.ActiveCfg = Release|x64
		{7788C2A1-113E-3565-BD3C-19C2DCF6648B}.Release|x64.Build.0 = Release|x64
		{87DEC3FF-8ECF-300D-A104-84290D6BB472}.Debug|x64.ActiveCfg = Debug|x64
		{87DEC3FF-8ECF-300D-A104-84290D6BB472}.Debug|x64.Build.0 = Debug|x64
		{87DEC3FF-8ECF-300D-A104-84290D6BB472}.Release|x64.ActiveCfg = Release|x64
		{87DEC3FF-8ECF-300D-A104-84290D6BB472}.Release|x64.Build.0 = Release|x64
	EndGlobalSection
	GlobalSection(ExtensibilityGlobals) = postSolution
		SolutionGuid = {11BCBE26-1F93-3BBC-90CB-89F3E9232D5A}
	EndGlobalSection
	GlobalSection(ExtensibilityAddIns) = postSolution
	EndGlobalSection
EndGlobal
