<?xml version="1.0" encoding="utf-8"?>
<Project ToolsVersion="17.0" xmlns="http://schemas.microsoft.com/developer/msbuild/2003">
  <ItemGroup>
    <CustomBuild Include="F:\GitHubRepos\fmi_test_example\fmi_setup_test_sfcn_rtw_fmi\CMakeFiles\1d82aa3a01ee263cb598d48753df3bc8\generate.stamp.rule">
      <Filter>CMake Rules</Filter>
    </CustomBuild>
  </ItemGroup>
  <ItemGroup>
    <Filter Include="CMake Rules">
      <UniqueIdentifier>{EA519343-05F9-350E-A68F-EFAC16F64127}</UniqueIdentifier>
    </Filter>
  </ItemGroup>
</Project>
